
Microsoft Visual Studio Solution File, Format Version 12.00
# Visual Studio Version 17
VisualStudioVersion = 17.5.002.0
MinimumVisualStudioVersion = 10.0.40219.1
Project("{9A19103F-16F7-4668-BE54-9A1E7A4F7556}") = "api", "api.csproj", "{5C9BC54B-D8D8-4EAE-912C-3D89F7606529}"
EndProject
Global
	GlobalSection(SolutionConfigurationPlatforms) = preSolution
		Debug|Any CPU = Debug|Any CPU
		Release|Any CPU = Release|Any CPU
	EndGlobalSection
	GlobalSection(ProjectConfigurationPlatforms) = postSolution
		{5C9BC54B-D8D8-4EAE-912C-3D89F7606529}.Debug|Any CPU.ActiveCfg = Debug|Any CPU
		{5C9BC54B-D8D8-4EAE-912C-3D89F7606529}.Debug|Any CPU.Build.0 = Debug|Any CPU
		{5C9BC54B-D8D8-4EAE-912C-3D89F7606529}.Release|Any CPU.ActiveCfg = Release|Any CPU
		{5C9BC54B-D8D8-4EAE-912C-3D89F7606529}.Release|Any CPU.Build.0 = Release|Any CPU
	EndGlobalSection
	GlobalSection(SolutionProperties) = preSolution
		HideSolutionNode = FALSE
	EndGlobalSection
	GlobalSection(ExtensibilityGlobals) = postSolution
		SolutionGuid = {D9EFC000-0753-4B55-B41D-4ED2AC1417D8}
	EndGlobalSection
EndGlobal
